{
  "name": "tovuk",
  "version": "0.1.52",
  "lockfileVersion": 3,
  "requires": true,
  "packages": {
    "": {
      "name": "tovuk",
      "version": "0.1.52",
      "hasInstallScript": true,
      "license": "MIT",
      "bin": {
        "tovuk": "bin/tovuk"
      },
      "engines": {
        "node": ">=18.17"
      }
    }
  }
}
